
Microsoft Visual Studio Solution File, Format Version 12.00
# Visual Studio Version 16
VisualStudioVersion = 16.0.30907.101
MinimumVisualStudioVersion = 10.0.40219.1
Project("{8BC9CEB8-8B4A-11D0-8D11-00A0C91BC942}") = "10989", "10989\10989.vcxproj", "{DCB2A5D1-1D9F-4B1F-81A2-A0BE6E2F9F6A}"
EndProject
Global
	GlobalSection(SolutionConfigurationPlatforms) = preSolution
		Debug|x64 = Debug|x64
		Debug|x86 = Debug|x86
		Release|x64 = Release|x64
		Release|x86 = Release|x86
	EndGlobalSection
	GlobalSection(ProjectConfigurationPlatforms) = postSolution
		{DCB2A5D1-1D9F-4B1F-81A2-A0BE6E2F9F6A}.Debug|x64.ActiveCfg = Debug|x64
		{DCB2A5D1-1D9F-4B1F-81A2-A0BE6E2F9F6A}.Debug|x64.Build.0 = Debug|x64
		{DCB2A5D1-1D9F-4B1F-81A2-A0BE6E2F9F6A}.Debug|x86.ActiveCfg = Debug|Win32
		{DCB2A5D1-1D9F-4B1F-81A2-A0BE6E2F9F6A}.Debug|x86.Build.0 = Debug|Win32
		{DCB2A5D1-1D9F-4B1F-81A2-A0BE6E2F9F6A}.Release|x64.ActiveCfg = Release|x64
		{DCB2A5D1-1D9F-4B1F-81A2-A0BE6E2F9F6A}.Release|x64.Build.0 = Release|x64
		{DCB2A5D1-1D9F-4B1F-81A2-A0BE6E2F9F6A}.Release|x86.ActiveCfg = Release|Win32
		{DCB2A5D1-1D9F-4B1F-81A2-A0BE6E2F9F6A}.Release|x86.Build.0 = Release|Win32
	EndGlobalSection
	GlobalSection(SolutionProperties) = preSolution
		HideSolutionNode = FALSE
	EndGlobalSection
	GlobalSection(ExtensibilityGlobals) = postSolution
		SolutionGuid = {301BE29E-4CAA-45BC-A0F6-A24507DD4AA1}
	EndGlobalSection
EndGlobal
