
Microsoft Visual Studio Solution File, Format Version 12.00
# Visual Studio Version 16
VisualStudioVersion = 16.0.31424.327
MinimumVisualStudioVersion = 10.0.40219.1
Project("{8BC9CEB8-8B4A-11D0-8D11-00A0C91BC942}") = "1761", "1761\1761.vcxproj", "{F7DFF04A-BA09-4A50-87A6-960C756A9E2A}"
EndProject
Global
	GlobalSection(SolutionConfigurationPlatforms) = preSolution
		Debug|x64 = Debug|x64
		Debug|x86 = Debug|x86
		Release|x64 = Release|x64
		Release|x86 = Release|x86
	EndGlobalSection
	GlobalSection(ProjectConfigurationPlatforms) = postSolution
		{F7DFF04A-BA09-4A50-87A6-960C756A9E2A}.Debug|x64.ActiveCfg = Debug|x64
		{F7DFF04A-BA09-4A50-87A6-960C756A9E2A}.Debug|x64.Build.0 = Debug|x64
		{F7DFF04A-BA09-4A50-87A6-960C756A9E2A}.Debug|x86.ActiveCfg = Debug|Win32
		{F7DFF04A-BA09-4A50-87A6-960C756A9E2A}.Debug|x86.Build.0 = Debug|Win32
		{F7DFF04A-BA09-4A50-87A6-960C756A9E2A}.Release|x64.ActiveCfg = Release|x64
		{F7DFF04A-BA09-4A50-87A6-960C756A9E2A}.Release|x64.Build.0 = Release|x64
		{F7DFF04A-BA09-4A50-87A6-960C756A9E2A}.Release|x86.ActiveCfg = Release|Win32
		{F7DFF04A-BA09-4A50-87A6-960C756A9E2A}.Release|x86.Build.0 = Release|Win32
	EndGlobalSection
	GlobalSection(SolutionProperties) = preSolution
		HideSolutionNode = FALSE
	EndGlobalSection
	GlobalSection(ExtensibilityGlobals) = postSolution
		SolutionGuid = {C92A3D1D-E4E7-457F-BCFD-C132FBDAAB0A}
	EndGlobalSection
EndGlobal
