
Microsoft Visual Studio Solution File, Format Version 12.00
# Visual Studio Version 16
VisualStudioVersion = 16.0.31424.327
MinimumVisualStudioVersion = 10.0.40219.1
Project("{8BC9CEB8-8B4A-11D0-8D11-00A0C91BC942}") = "1786", "1786\1786.vcxproj", "{A23CF29B-2870-42A9-8E71-80282CD8B370}"
EndProject
Global
	GlobalSection(SolutionConfigurationPlatforms) = preSolution
		Debug|x64 = Debug|x64
		Debug|x86 = Debug|x86
		Release|x64 = Release|x64
		Release|x86 = Release|x86
	EndGlobalSection
	GlobalSection(ProjectConfigurationPlatforms) = postSolution
		{A23CF29B-2870-42A9-8E71-80282CD8B370}.Debug|x64.ActiveCfg = Debug|x64
		{A23CF29B-2870-42A9-8E71-80282CD8B370}.Debug|x64.Build.0 = Debug|x64
		{A23CF29B-2870-42A9-8E71-80282CD8B370}.Debug|x86.ActiveCfg = Debug|Win32
		{A23CF29B-2870-42A9-8E71-80282CD8B370}.Debug|x86.Build.0 = Debug|Win32
		{A23CF29B-2870-42A9-8E71-80282CD8B370}.Release|x64.ActiveCfg = Release|x64
		{A23CF29B-2870-42A9-8E71-80282CD8B370}.Release|x64.Build.0 = Release|x64
		{A23CF29B-2870-42A9-8E71-80282CD8B370}.Release|x86.ActiveCfg = Release|Win32
		{A23CF29B-2870-42A9-8E71-80282CD8B370}.Release|x86.Build.0 = Release|Win32
	EndGlobalSection
	GlobalSection(SolutionProperties) = preSolution
		HideSolutionNode = FALSE
	EndGlobalSection
	GlobalSection(ExtensibilityGlobals) = postSolution
		SolutionGuid = {338AE455-BED3-4942-A592-228FD734EA93}
	EndGlobalSection
EndGlobal
