
Microsoft Visual Studio Solution File, Format Version 12.00
# Visual Studio Version 16
VisualStudioVersion = 16.0.31424.327
MinimumVisualStudioVersion = 10.0.40219.1
Project("{8BC9CEB8-8B4A-11D0-8D11-00A0C91BC942}") = "15649", "15649\15649.vcxproj", "{8BCCD1DA-53D3-4CBA-90C4-C60200BAFBE8}"
EndProject
Global
	GlobalSection(SolutionConfigurationPlatforms) = preSolution
		Debug|x64 = Debug|x64
		Debug|x86 = Debug|x86
		Release|x64 = Release|x64
		Release|x86 = Release|x86
	EndGlobalSection
	GlobalSection(ProjectConfigurationPlatforms) = postSolution
		{8BCCD1DA-53D3-4CBA-90C4-C60200BAFBE8}.Debug|x64.ActiveCfg = Debug|x64
		{8BCCD1DA-53D3-4CBA-90C4-C60200BAFBE8}.Debug|x64.Build.0 = Debug|x64
		{8BCCD1DA-53D3-4CBA-90C4-C60200BAFBE8}.Debug|x86.ActiveCfg = Debug|Win32
		{8BCCD1DA-53D3-4CBA-90C4-C60200BAFBE8}.Debug|x86.Build.0 = Debug|Win32
		{8BCCD1DA-53D3-4CBA-90C4-C60200BAFBE8}.Release|x64.ActiveCfg = Release|x64
		{8BCCD1DA-53D3-4CBA-90C4-C60200BAFBE8}.Release|x64.Build.0 = Release|x64
		{8BCCD1DA-53D3-4CBA-90C4-C60200BAFBE8}.Release|x86.ActiveCfg = Release|Win32
		{8BCCD1DA-53D3-4CBA-90C4-C60200BAFBE8}.Release|x86.Build.0 = Release|Win32
	EndGlobalSection
	GlobalSection(SolutionProperties) = preSolution
		HideSolutionNode = FALSE
	EndGlobalSection
	GlobalSection(ExtensibilityGlobals) = postSolution
		SolutionGuid = {A985E02B-28EC-4779-B9EE-5286A5CDF030}
	EndGlobalSection
EndGlobal
