
Microsoft Visual Studio Solution File, Format Version 12.00
# Visual Studio Version 16
VisualStudioVersion = 16.0.31424.327
MinimumVisualStudioVersion = 10.0.40219.1
Project("{8BC9CEB8-8B4A-11D0-8D11-00A0C91BC942}") = "10866", "10866\10866.vcxproj", "{493EB540-B959-4611-999D-4507D0BBA901}"
EndProject
Global
	GlobalSection(SolutionConfigurationPlatforms) = preSolution
		Debug|x64 = Debug|x64
		Debug|x86 = Debug|x86
		Release|x64 = Release|x64
		Release|x86 = Release|x86
	EndGlobalSection
	GlobalSection(ProjectConfigurationPlatforms) = postSolution
		{493EB540-B959-4611-999D-4507D0BBA901}.Debug|x64.ActiveCfg = Debug|x64
		{493EB540-B959-4611-999D-4507D0BBA901}.Debug|x64.Build.0 = Debug|x64
		{493EB540-B959-4611-999D-4507D0BBA901}.Debug|x86.ActiveCfg = Debug|Win32
		{493EB540-B959-4611-999D-4507D0BBA901}.Debug|x86.Build.0 = Debug|Win32
		{493EB540-B959-4611-999D-4507D0BBA901}.Release|x64.ActiveCfg = Release|x64
		{493EB540-B959-4611-999D-4507D0BBA901}.Release|x64.Build.0 = Release|x64
		{493EB540-B959-4611-999D-4507D0BBA901}.Release|x86.ActiveCfg = Release|Win32
		{493EB540-B959-4611-999D-4507D0BBA901}.Release|x86.Build.0 = Release|Win32
	EndGlobalSection
	GlobalSection(SolutionProperties) = preSolution
		HideSolutionNode = FALSE
	EndGlobalSection
	GlobalSection(ExtensibilityGlobals) = postSolution
		SolutionGuid = {76410AAA-C71A-4869-8CB8-78CE2F31DC97}
	EndGlobalSection
EndGlobal
