
Microsoft Visual Studio Solution File, Format Version 12.00
# Visual Studio Version 16
VisualStudioVersion = 16.0.31424.327
MinimumVisualStudioVersion = 10.0.40219.1
Project("{8BC9CEB8-8B4A-11D0-8D11-00A0C91BC942}") = "2206", "2206\2206.vcxproj", "{D9E47395-4C13-4A06-8287-A6C6F86280C6}"
EndProject
Global
	GlobalSection(SolutionConfigurationPlatforms) = preSolution
		Debug|x64 = Debug|x64
		Debug|x86 = Debug|x86
		Release|x64 = Release|x64
		Release|x86 = Release|x86
	EndGlobalSection
	GlobalSection(ProjectConfigurationPlatforms) = postSolution
		{D9E47395-4C13-4A06-8287-A6C6F86280C6}.Debug|x64.ActiveCfg = Debug|x64
		{D9E47395-4C13-4A06-8287-A6C6F86280C6}.Debug|x64.Build.0 = Debug|x64
		{D9E47395-4C13-4A06-8287-A6C6F86280C6}.Debug|x86.ActiveCfg = Debug|Win32
		{D9E47395-4C13-4A06-8287-A6C6F86280C6}.Debug|x86.Build.0 = Debug|Win32
		{D9E47395-4C13-4A06-8287-A6C6F86280C6}.Release|x64.ActiveCfg = Release|x64
		{D9E47395-4C13-4A06-8287-A6C6F86280C6}.Release|x64.Build.0 = Release|x64
		{D9E47395-4C13-4A06-8287-A6C6F86280C6}.Release|x86.ActiveCfg = Release|Win32
		{D9E47395-4C13-4A06-8287-A6C6F86280C6}.Release|x86.Build.0 = Release|Win32
	EndGlobalSection
	GlobalSection(SolutionProperties) = preSolution
		HideSolutionNode = FALSE
	EndGlobalSection
	GlobalSection(ExtensibilityGlobals) = postSolution
		SolutionGuid = {C09AF79D-1B8B-446D-9112-ABC0A2A7F0FA}
	EndGlobalSection
EndGlobal
