
Microsoft Visual Studio Solution File, Format Version 12.00
# Visual Studio Version 16
VisualStudioVersion = 16.0.31424.327
MinimumVisualStudioVersion = 10.0.40219.1
Project("{8BC9CEB8-8B4A-11D0-8D11-00A0C91BC942}") = "1152", "1152\1152.vcxproj", "{793AFAC1-31A0-4B6A-8932-8FA892610CCB}"
EndProject
Global
	GlobalSection(SolutionConfigurationPlatforms) = preSolution
		Debug|x64 = Debug|x64
		Debug|x86 = Debug|x86
		Release|x64 = Release|x64
		Release|x86 = Release|x86
	EndGlobalSection
	GlobalSection(ProjectConfigurationPlatforms) = postSolution
		{793AFAC1-31A0-4B6A-8932-8FA892610CCB}.Debug|x64.ActiveCfg = Debug|x64
		{793AFAC1-31A0-4B6A-8932-8FA892610CCB}.Debug|x64.Build.0 = Debug|x64
		{793AFAC1-31A0-4B6A-8932-8FA892610CCB}.Debug|x86.ActiveCfg = Debug|Win32
		{793AFAC1-31A0-4B6A-8932-8FA892610CCB}.Debug|x86.Build.0 = Debug|Win32
		{793AFAC1-31A0-4B6A-8932-8FA892610CCB}.Release|x64.ActiveCfg = Release|x64
		{793AFAC1-31A0-4B6A-8932-8FA892610CCB}.Release|x64.Build.0 = Release|x64
		{793AFAC1-31A0-4B6A-8932-8FA892610CCB}.Release|x86.ActiveCfg = Release|Win32
		{793AFAC1-31A0-4B6A-8932-8FA892610CCB}.Release|x86.Build.0 = Release|Win32
	EndGlobalSection
	GlobalSection(SolutionProperties) = preSolution
		HideSolutionNode = FALSE
	EndGlobalSection
	GlobalSection(ExtensibilityGlobals) = postSolution
		SolutionGuid = {0A6FB2F1-56E6-48B8-BEAE-B291D7DACECA}
	EndGlobalSection
EndGlobal
