
Microsoft Visual Studio Solution File, Format Version 12.00
# Visual Studio Version 16
VisualStudioVersion = 16.0.29201.188
MinimumVisualStudioVersion = 10.0.40219.1
Project("{8BC9CEB8-8B4A-11D0-8D11-00A0C91BC942}") = "2563", "2563\2563.vcxproj", "{C5220558-CAF9-46E2-A9F9-9FA57FBA20A0}"
EndProject
Global
	GlobalSection(SolutionConfigurationPlatforms) = preSolution
		Debug|x64 = Debug|x64
		Debug|x86 = Debug|x86
		Release|x64 = Release|x64
		Release|x86 = Release|x86
	EndGlobalSection
	GlobalSection(ProjectConfigurationPlatforms) = postSolution
		{C5220558-CAF9-46E2-A9F9-9FA57FBA20A0}.Debug|x64.ActiveCfg = Debug|x64
		{C5220558-CAF9-46E2-A9F9-9FA57FBA20A0}.Debug|x64.Build.0 = Debug|x64
		{C5220558-CAF9-46E2-A9F9-9FA57FBA20A0}.Debug|x86.ActiveCfg = Debug|Win32
		{C5220558-CAF9-46E2-A9F9-9FA57FBA20A0}.Debug|x86.Build.0 = Debug|Win32
		{C5220558-CAF9-46E2-A9F9-9FA57FBA20A0}.Release|x64.ActiveCfg = Release|x64
		{C5220558-CAF9-46E2-A9F9-9FA57FBA20A0}.Release|x64.Build.0 = Release|x64
		{C5220558-CAF9-46E2-A9F9-9FA57FBA20A0}.Release|x86.ActiveCfg = Release|Win32
		{C5220558-CAF9-46E2-A9F9-9FA57FBA20A0}.Release|x86.Build.0 = Release|Win32
	EndGlobalSection
	GlobalSection(SolutionProperties) = preSolution
		HideSolutionNode = FALSE
	EndGlobalSection
	GlobalSection(ExtensibilityGlobals) = postSolution
		SolutionGuid = {F50B8846-FB7C-455C-94C5-F150C457E34A}
	EndGlobalSection
EndGlobal
