
Microsoft Visual Studio Solution File, Format Version 12.00
# Visual Studio Version 16
VisualStudioVersion = 16.0.29201.188
MinimumVisualStudioVersion = 10.0.40219.1
Project("{8BC9CEB8-8B4A-11D0-8D11-00A0C91BC942}") = "13458", "13458\13458.vcxproj", "{0DC30B7D-5859-4DBB-9925-01597169CB94}"
EndProject
Global
	GlobalSection(SolutionConfigurationPlatforms) = preSolution
		Debug|x64 = Debug|x64
		Debug|x86 = Debug|x86
		Release|x64 = Release|x64
		Release|x86 = Release|x86
	EndGlobalSection
	GlobalSection(ProjectConfigurationPlatforms) = postSolution
		{0DC30B7D-5859-4DBB-9925-01597169CB94}.Debug|x64.ActiveCfg = Debug|x64
		{0DC30B7D-5859-4DBB-9925-01597169CB94}.Debug|x64.Build.0 = Debug|x64
		{0DC30B7D-5859-4DBB-9925-01597169CB94}.Debug|x86.ActiveCfg = Debug|Win32
		{0DC30B7D-5859-4DBB-9925-01597169CB94}.Debug|x86.Build.0 = Debug|Win32
		{0DC30B7D-5859-4DBB-9925-01597169CB94}.Release|x64.ActiveCfg = Release|x64
		{0DC30B7D-5859-4DBB-9925-01597169CB94}.Release|x64.Build.0 = Release|x64
		{0DC30B7D-5859-4DBB-9925-01597169CB94}.Release|x86.ActiveCfg = Release|Win32
		{0DC30B7D-5859-4DBB-9925-01597169CB94}.Release|x86.Build.0 = Release|Win32
	EndGlobalSection
	GlobalSection(SolutionProperties) = preSolution
		HideSolutionNode = FALSE
	EndGlobalSection
	GlobalSection(ExtensibilityGlobals) = postSolution
		SolutionGuid = {8CB6C461-7A57-441D-9C5A-265CC47BD158}
	EndGlobalSection
EndGlobal
