
Microsoft Visual Studio Solution File, Format Version 12.00
# Visual Studio Version 16
VisualStudioVersion = 16.0.31424.327
MinimumVisualStudioVersion = 10.0.40219.1
Project("{8BC9CEB8-8B4A-11D0-8D11-00A0C91BC942}") = "15657", "15657\15657.vcxproj", "{F01F4702-D423-4376-9E6D-6A5E297000B2}"
EndProject
Global
	GlobalSection(SolutionConfigurationPlatforms) = preSolution
		Debug|x64 = Debug|x64
		Debug|x86 = Debug|x86
		Release|x64 = Release|x64
		Release|x86 = Release|x86
	EndGlobalSection
	GlobalSection(ProjectConfigurationPlatforms) = postSolution
		{F01F4702-D423-4376-9E6D-6A5E297000B2}.Debug|x64.ActiveCfg = Debug|x64
		{F01F4702-D423-4376-9E6D-6A5E297000B2}.Debug|x64.Build.0 = Debug|x64
		{F01F4702-D423-4376-9E6D-6A5E297000B2}.Debug|x86.ActiveCfg = Debug|Win32
		{F01F4702-D423-4376-9E6D-6A5E297000B2}.Debug|x86.Build.0 = Debug|Win32
		{F01F4702-D423-4376-9E6D-6A5E297000B2}.Release|x64.ActiveCfg = Release|x64
		{F01F4702-D423-4376-9E6D-6A5E297000B2}.Release|x64.Build.0 = Release|x64
		{F01F4702-D423-4376-9E6D-6A5E297000B2}.Release|x86.ActiveCfg = Release|Win32
		{F01F4702-D423-4376-9E6D-6A5E297000B2}.Release|x86.Build.0 = Release|Win32
	EndGlobalSection
	GlobalSection(SolutionProperties) = preSolution
		HideSolutionNode = FALSE
	EndGlobalSection
	GlobalSection(ExtensibilityGlobals) = postSolution
		SolutionGuid = {7B025086-9FC2-492C-975A-AC1A28DA12BE}
	EndGlobalSection
EndGlobal
