
Microsoft Visual Studio Solution File, Format Version 12.00
# Visual Studio Version 16
VisualStudioVersion = 16.0.30523.141
MinimumVisualStudioVersion = 10.0.40219.1
Project("{8BC9CEB8-8B4A-11D0-8D11-00A0C91BC942}") = "1463", "1463\1463.vcxproj", "{FBF9BA90-6D9A-4253-A605-D927DD4E4648}"
EndProject
Global
	GlobalSection(SolutionConfigurationPlatforms) = preSolution
		Debug|x64 = Debug|x64
		Debug|x86 = Debug|x86
		Release|x64 = Release|x64
		Release|x86 = Release|x86
	EndGlobalSection
	GlobalSection(ProjectConfigurationPlatforms) = postSolution
		{FBF9BA90-6D9A-4253-A605-D927DD4E4648}.Debug|x64.ActiveCfg = Debug|x64
		{FBF9BA90-6D9A-4253-A605-D927DD4E4648}.Debug|x64.Build.0 = Debug|x64
		{FBF9BA90-6D9A-4253-A605-D927DD4E4648}.Debug|x86.ActiveCfg = Debug|Win32
		{FBF9BA90-6D9A-4253-A605-D927DD4E4648}.Debug|x86.Build.0 = Debug|Win32
		{FBF9BA90-6D9A-4253-A605-D927DD4E4648}.Release|x64.ActiveCfg = Release|x64
		{FBF9BA90-6D9A-4253-A605-D927DD4E4648}.Release|x64.Build.0 = Release|x64
		{FBF9BA90-6D9A-4253-A605-D927DD4E4648}.Release|x86.ActiveCfg = Release|Win32
		{FBF9BA90-6D9A-4253-A605-D927DD4E4648}.Release|x86.Build.0 = Release|Win32
	EndGlobalSection
	GlobalSection(SolutionProperties) = preSolution
		HideSolutionNode = FALSE
	EndGlobalSection
	GlobalSection(ExtensibilityGlobals) = postSolution
		SolutionGuid = {0A304477-2FEB-43C2-AE45-F57757DF3347}
	EndGlobalSection
EndGlobal
