
Microsoft Visual Studio Solution File, Format Version 12.00
# Visual Studio Version 17
VisualStudioVersion = 17.1.32414.318
MinimumVisualStudioVersion = 10.0.40219.1
Project("{8BC9CEB8-8B4A-11D0-8D11-00A0C91BC942}") = "9655", "9655\9655.vcxproj", "{BF63AAE7-C1C2-44E2-B001-70D69CEF0443}"
EndProject
Global
	GlobalSection(SolutionConfigurationPlatforms) = preSolution
		Debug|x64 = Debug|x64
		Debug|x86 = Debug|x86
		Release|x64 = Release|x64
		Release|x86 = Release|x86
	EndGlobalSection
	GlobalSection(ProjectConfigurationPlatforms) = postSolution
		{BF63AAE7-C1C2-44E2-B001-70D69CEF0443}.Debug|x64.ActiveCfg = Debug|x64
		{BF63AAE7-C1C2-44E2-B001-70D69CEF0443}.Debug|x64.Build.0 = Debug|x64
		{BF63AAE7-C1C2-44E2-B001-70D69CEF0443}.Debug|x86.ActiveCfg = Debug|Win32
		{BF63AAE7-C1C2-44E2-B001-70D69CEF0443}.Debug|x86.Build.0 = Debug|Win32
		{BF63AAE7-C1C2-44E2-B001-70D69CEF0443}.Release|x64.ActiveCfg = Release|x64
		{BF63AAE7-C1C2-44E2-B001-70D69CEF0443}.Release|x64.Build.0 = Release|x64
		{BF63AAE7-C1C2-44E2-B001-70D69CEF0443}.Release|x86.ActiveCfg = Release|Win32
		{BF63AAE7-C1C2-44E2-B001-70D69CEF0443}.Release|x86.Build.0 = Release|Win32
	EndGlobalSection
	GlobalSection(SolutionProperties) = preSolution
		HideSolutionNode = FALSE
	EndGlobalSection
	GlobalSection(ExtensibilityGlobals) = postSolution
		SolutionGuid = {DE909AA5-EBD0-482C-96A9-5E6A8EF8DA17}
	EndGlobalSection
EndGlobal
