
Microsoft Visual Studio Solution File, Format Version 12.00
# Visual Studio Version 16
VisualStudioVersion = 16.0.30907.101
MinimumVisualStudioVersion = 10.0.40219.1
Project("{8BC9CEB8-8B4A-11D0-8D11-00A0C91BC942}") = "2753", "2753\2753.vcxproj", "{F64D9A63-AC6E-48D1-9D4D-51325E080AFC}"
EndProject
Global
	GlobalSection(SolutionConfigurationPlatforms) = preSolution
		Debug|x64 = Debug|x64
		Debug|x86 = Debug|x86
		Release|x64 = Release|x64
		Release|x86 = Release|x86
	EndGlobalSection
	GlobalSection(ProjectConfigurationPlatforms) = postSolution
		{F64D9A63-AC6E-48D1-9D4D-51325E080AFC}.Debug|x64.ActiveCfg = Debug|x64
		{F64D9A63-AC6E-48D1-9D4D-51325E080AFC}.Debug|x64.Build.0 = Debug|x64
		{F64D9A63-AC6E-48D1-9D4D-51325E080AFC}.Debug|x86.ActiveCfg = Debug|Win32
		{F64D9A63-AC6E-48D1-9D4D-51325E080AFC}.Debug|x86.Build.0 = Debug|Win32
		{F64D9A63-AC6E-48D1-9D4D-51325E080AFC}.Release|x64.ActiveCfg = Release|x64
		{F64D9A63-AC6E-48D1-9D4D-51325E080AFC}.Release|x64.Build.0 = Release|x64
		{F64D9A63-AC6E-48D1-9D4D-51325E080AFC}.Release|x86.ActiveCfg = Release|Win32
		{F64D9A63-AC6E-48D1-9D4D-51325E080AFC}.Release|x86.Build.0 = Release|Win32
	EndGlobalSection
	GlobalSection(SolutionProperties) = preSolution
		HideSolutionNode = FALSE
	EndGlobalSection
	GlobalSection(ExtensibilityGlobals) = postSolution
		SolutionGuid = {767BE53A-CCA6-49B4-AE31-099966A8DAF5}
	EndGlobalSection
EndGlobal
